
Microsoft Visual Studio Solution File, Format Version 12.00
# Visual Studio 15
VisualStudioVersion = 15.0.28010.0
MinimumVisualStudioVersion = 10.0.40219.1
Project("{FAE04EC0-301F-11D3-BF4B-00C04F79EFBC}") = "ArgParse", "ArgParse\ArgParse.csproj", "{259742B9-74C7-41A6-BA81-D1502365FFE3}"
EndProject
Global
	GlobalSection(SolutionConfigurationPlatforms) = preSolution
		Debug|Any CPU = Debug|Any CPU
		Release|Any CPU = Release|Any CPU
	EndGlobalSection
	GlobalSection(ProjectConfigurationPlatforms) = postSolution
		{259742B9-74C7-41A6-BA81-D1502365FFE3}.Debug|Any CPU.ActiveCfg = Debug|Any CPU
		{259742B9-74C7-41A6-BA81-D1502365FFE3}.Debug|Any CPU.Build.0 = Debug|Any CPU
		{259742B9-74C7-41A6-BA81-D1502365FFE3}.Release|Any CPU.ActiveCfg = Release|Any CPU
		{259742B9-74C7-41A6-BA81-D1502365FFE3}.Release|Any CPU.Build.0 = Release|Any CPU
	EndGlobalSection
	GlobalSection(SolutionProperties) = preSolution
		HideSolutionNode = FALSE
	EndGlobalSection
	GlobalSection(ExtensibilityGlobals) = postSolution
		SolutionGuid = {B62CAC53-FED9-4705-A2A8-1EAF5C998952}
	EndGlobalSection
EndGlobal
